
Microsoft Visual Studio Solution File, Format Version 12.00
# Visual Studio 2012
Project("{FAE04EC0-301F-11D3-BF4B-00C04F79EFBC}") = "Mail", "Mail\Mail.csproj", "{F56F3BFE-1538-4C62-9A45-78005495CD0A}"
EndProject
Project("{FAE04EC0-301F-11D3-BF4B-00C04F79EFBC}") = "Utility", "Utlity\Utility.csproj", "{BD930164-CE28-4493-9813-40B4B500D3B3}"
EndProject
Project("{FAE04EC0-301F-11D3-BF4B-00C04F79EFBC}") = "KindleConverter", "EpubToMobi\KindleConverter.csproj", "{FA772258-89A1-4185-AACA-1FF5EFDC1955}"
EndProject
Project("{FAE04EC0-301F-11D3-BF4B-00C04F79EFBC}") = "KindleConverter_WPF", "KindleConverter_WPF\KindleConverter_WPF.csproj", "{23814FD1-3326-4677-95FA-D1DFE55E54FC}"
EndProject
Project("{FAE04EC0-301F-11D3-BF4B-00C04F79EFBC}") = "GmailClient", "GmailClient\GmailClient.csproj", "{DE38669A-A0E9-4D38-A800-DFD28E91A4AA}"
EndProject
Project("{FAE04EC0-301F-11D3-BF4B-00C04F79EFBC}") = "PackageProject", "PackageProject\PackageProject.csproj", "{573ADF47-251F-4FE7-9844-E6BDF4554630}"
EndProject
Project("{FAE04EC0-301F-11D3-BF4B-00C04F79EFBC}") = "Magnet2Bt", "Magnet2Bt\Magnet2Bt.csproj", "{4C1BD9F5-72D8-4313-9E70-C83A005F5579}"
EndProject
Project("{FAE04EC0-301F-11D3-BF4B-00C04F79EFBC}") = "TorrentDownloader", "TorrentDownloader\TorrentDownloader.csproj", "{F730D8E0-E54F-4F0B-BBBB-F2FD913FE84F}"
EndProject
Project("{FAE04EC0-301F-11D3-BF4B-00C04F79EFBC}") = "Utility.UnitTest", "Utility.UnitTest\Utility.UnitTest.csproj", "{FCD2F5F4-974D-4975-8F71-9CE74F308A53}"
EndProject
Project("{FAE04EC0-301F-11D3-BF4B-00C04F79EFBC}") = "BaiduNetDisk", "BaiduNetDisk\BaiduNetDisk.csproj", "{2BE42506-1629-41AF-9175-098310384F56}"
EndProject
Project("{FAE04EC0-301F-11D3-BF4B-00C04F79EFBC}") = "HtmlAgility", "HtmlAgility\HtmlAgility.csproj", "{CD7D020D-7616-448C-AEC0-05E8B305829B}"
EndProject
Project("{FAE04EC0-301F-11D3-BF4B-00C04F79EFBC}") = "HtmlDowload", "HtmlDowloader\HtmlDowload.csproj", "{D9E67D9E-0050-4A7A-A352-380CE3F1CE0B}"
EndProject
Project("{FAE04EC0-301F-11D3-BF4B-00C04F79EFBC}") = "DataContract", "DataContract\DataContract.csproj", "{357E3EE6-4C24-4EB9-8C22-E190C2BCD3E5}"
EndProject
Project("{FAE04EC0-301F-11D3-BF4B-00C04F79EFBC}") = "DownloadManager", "DownloadManager\DownloadManager.csproj", "{8FB88BD9-F9D3-4E8D-89A3-0D1B72EA80E1}"
EndProject
Project("{FAE04EC0-301F-11D3-BF4B-00C04F79EFBC}") = "AccessToken", "AccessToken\AccessToken.csproj", "{91A430AA-7754-454D-AE7B-084E3F96F5F9}"
EndProject
Project("{FAE04EC0-301F-11D3-BF4B-00C04F79EFBC}") = "SqlText2String", "SqlText2String\SqlText2String.csproj", "{868706D2-5CC8-4C02-95D2-D98D98C51C87}"
EndProject
Project("{FAE04EC0-301F-11D3-BF4B-00C04F79EFBC}") = "InfoQ", "InfoQ\InfoQ.csproj", "{9191F98E-76F2-4DA6-A6F8-810A0E69BDE8}"
EndProject
Project("{FAE04EC0-301F-11D3-BF4B-00C04F79EFBC}") = "Haodu", "Haodu\Haodu.csproj", "{4EFB24CF-2A3B-4754-B8AC-1F14A3CA5EFA}"
EndProject
Project("{FAE04EC0-301F-11D3-BF4B-00C04F79EFBC}") = "OrderUnitTestPlaylist", "OrderUnitTestPlaylist\OrderUnitTestPlaylist.csproj", "{FC212ED2-5F95-4321-964E-A0114F13D3D5}"
EndProject
Project("{FAE04EC0-301F-11D3-BF4B-00C04F79EFBC}") = "ConvertResources", "ConvertResources\ConvertResources.csproj", "{5A950C0F-CB0C-456A-99A1-71905160D4B6}"
EndProject
Project("{FAE04EC0-301F-11D3-BF4B-00C04F79EFBC}") = "GeneratePermission", "GeneratePermission\GeneratePermission.csproj", "{22A60AF7-CDE0-4F5A-917D-E21597D71C8F}"
EndProject
Project("{FAE04EC0-301F-11D3-BF4B-00C04F79EFBC}") = "GenerateScript", "GenerateScript\GenerateScript.csproj", "{A04A778B-D845-4F4C-8016-BE6AFBDA3A31}"
EndProject
Project("{FAE04EC0-301F-11D3-BF4B-00C04F79EFBC}") = "ORMapping", "ORMapping\ORMapping.csproj", "{5B7BA344-9A6F-4F9E-98A1-56B4FBD0AAF5}"
EndProject
Project("{FAE04EC0-301F-11D3-BF4B-00C04F79EFBC}") = "WalkthroughWorkflow", "WalkthroughWorkflow\WalkthroughWorkflow.csproj", "{20032471-79BC-4958-994D-EA211CB5BC44}"
EndProject
Project("{FAE04EC0-301F-11D3-BF4B-00C04F79EFBC}") = "Reflection", "Reflection\Reflection.csproj", "{FC5EACB2-CFB7-45C3-8EB8-FE50A3B070AA}"
EndProject
Project("{FAE04EC0-301F-11D3-BF4B-00C04F79EFBC}") = "CodeTimer", "CodeTimer\CodeTimer.csproj", "{88ECE172-7F1A-4778-B869-4F84FE301EAF}"
EndProject
Global
	GlobalSection(SolutionConfigurationPlatforms) = preSolution
		Debug|Any CPU = Debug|Any CPU
		Debug|Mixed Platforms = Debug|Mixed Platforms
		Debug|x86 = Debug|x86
		Release|Any CPU = Release|Any CPU
		Release|Mixed Platforms = Release|Mixed Platforms
		Release|x86 = Release|x86
	EndGlobalSection
	GlobalSection(ProjectConfigurationPlatforms) = postSolution
		{F56F3BFE-1538-4C62-9A45-78005495CD0A}.Debug|Any CPU.ActiveCfg = Debug|Any CPU
		{F56F3BFE-1538-4C62-9A45-78005495CD0A}.Debug|Any CPU.Build.0 = Debug|Any CPU
		{F56F3BFE-1538-4C62-9A45-78005495CD0A}.Debug|Mixed Platforms.ActiveCfg = Debug|Any CPU
		{F56F3BFE-1538-4C62-9A45-78005495CD0A}.Debug|Mixed Platforms.Build.0 = Debug|Any CPU
		{F56F3BFE-1538-4C62-9A45-78005495CD0A}.Debug|x86.ActiveCfg = Debug|Any CPU
		{F56F3BFE-1538-4C62-9A45-78005495CD0A}.Release|Any CPU.ActiveCfg = Release|Any CPU
		{F56F3BFE-1538-4C62-9A45-78005495CD0A}.Release|Any CPU.Build.0 = Release|Any CPU
		{F56F3BFE-1538-4C62-9A45-78005495CD0A}.Release|Mixed Platforms.ActiveCfg = Release|Any CPU
		{F56F3BFE-1538-4C62-9A45-78005495CD0A}.Release|Mixed Platforms.Build.0 = Release|Any CPU
		{F56F3BFE-1538-4C62-9A45-78005495CD0A}.Release|x86.ActiveCfg = Release|Any CPU
		{BD930164-CE28-4493-9813-40B4B500D3B3}.Debug|Any CPU.ActiveCfg = Debug|Any CPU
		{BD930164-CE28-4493-9813-40B4B500D3B3}.Debug|Any CPU.Build.0 = Debug|Any CPU
		{BD930164-CE28-4493-9813-40B4B500D3B3}.Debug|Mixed Platforms.ActiveCfg = Debug|Any CPU
		{BD930164-CE28-4493-9813-40B4B500D3B3}.Debug|Mixed Platforms.Build.0 = Debug|Any CPU
		{BD930164-CE28-4493-9813-40B4B500D3B3}.Debug|x86.ActiveCfg = Debug|Any CPU
		{BD930164-CE28-4493-9813-40B4B500D3B3}.Release|Any CPU.ActiveCfg = Release|Any CPU
		{BD930164-CE28-4493-9813-40B4B500D3B3}.Release|Any CPU.Build.0 = Release|Any CPU
		{BD930164-CE28-4493-9813-40B4B500D3B3}.Release|Mixed Platforms.ActiveCfg = Release|Any CPU
		{BD930164-CE28-4493-9813-40B4B500D3B3}.Release|Mixed Platforms.Build.0 = Release|Any CPU
		{BD930164-CE28-4493-9813-40B4B500D3B3}.Release|x86.ActiveCfg = Release|Any CPU
		{FA772258-89A1-4185-AACA-1FF5EFDC1955}.Debug|Any CPU.ActiveCfg = Debug|Any CPU
		{FA772258-89A1-4185-AACA-1FF5EFDC1955}.Debug|Any CPU.Build.0 = Debug|Any CPU
		{FA772258-89A1-4185-AACA-1FF5EFDC1955}.Debug|Mixed Platforms.ActiveCfg = Debug|Any CPU
		{FA772258-89A1-4185-AACA-1FF5EFDC1955}.Debug|Mixed Platforms.Build.0 = Debug|Any CPU
		{FA772258-89A1-4185-AACA-1FF5EFDC1955}.Debug|x86.ActiveCfg = Debug|Any CPU
		{FA772258-89A1-4185-AACA-1FF5EFDC1955}.Release|Any CPU.ActiveCfg = Release|Any CPU
		{FA772258-89A1-4185-AACA-1FF5EFDC1955}.Release|Any CPU.Build.0 = Release|Any CPU
		{FA772258-89A1-4185-AACA-1FF5EFDC1955}.Release|Mixed Platforms.ActiveCfg = Release|Any CPU
		{FA772258-89A1-4185-AACA-1FF5EFDC1955}.Release|Mixed Platforms.Build.0 = Release|Any CPU
		{FA772258-89A1-4185-AACA-1FF5EFDC1955}.Release|x86.ActiveCfg = Release|Any CPU
		{23814FD1-3326-4677-95FA-D1DFE55E54FC}.Debug|Any CPU.ActiveCfg = Debug|Any CPU
		{23814FD1-3326-4677-95FA-D1DFE55E54FC}.Debug|Any CPU.Build.0 = Debug|Any CPU
		{23814FD1-3326-4677-95FA-D1DFE55E54FC}.Debug|Mixed Platforms.ActiveCfg = Debug|Any CPU
		{23814FD1-3326-4677-95FA-D1DFE55E54FC}.Debug|Mixed Platforms.Build.0 = Debug|Any CPU
		{23814FD1-3326-4677-95FA-D1DFE55E54FC}.Debug|x86.ActiveCfg = Debug|Any CPU
		{23814FD1-3326-4677-95FA-D1DFE55E54FC}.Release|Any CPU.ActiveCfg = Release|Any CPU
		{23814FD1-3326-4677-95FA-D1DFE55E54FC}.Release|Any CPU.Build.0 = Release|Any CPU
		{23814FD1-3326-4677-95FA-D1DFE55E54FC}.Release|Mixed Platforms.ActiveCfg = Release|Any CPU
		{23814FD1-3326-4677-95FA-D1DFE55E54FC}.Release|Mixed Platforms.Build.0 = Release|Any CPU
		{23814FD1-3326-4677-95FA-D1DFE55E54FC}.Release|x86.ActiveCfg = Release|Any CPU
		{DE38669A-A0E9-4D38-A800-DFD28E91A4AA}.Debug|Any CPU.ActiveCfg = Debug|Any CPU
		{DE38669A-A0E9-4D38-A800-DFD28E91A4AA}.Debug|Any CPU.Build.0 = Debug|Any CPU
		{DE38669A-A0E9-4D38-A800-DFD28E91A4AA}.Debug|Mixed Platforms.ActiveCfg = Debug|Any CPU
		{DE38669A-A0E9-4D38-A800-DFD28E91A4AA}.Debug|Mixed Platforms.Build.0 = Debug|Any CPU
		{DE38669A-A0E9-4D38-A800-DFD28E91A4AA}.Debug|x86.ActiveCfg = Debug|Any CPU
		{DE38669A-A0E9-4D38-A800-DFD28E91A4AA}.Release|Any CPU.ActiveCfg = Release|Any CPU
		{DE38669A-A0E9-4D38-A800-DFD28E91A4AA}.Release|Any CPU.Build.0 = Release|Any CPU
		{DE38669A-A0E9-4D38-A800-DFD28E91A4AA}.Release|Mixed Platforms.ActiveCfg = Release|Any CPU
		{DE38669A-A0E9-4D38-A800-DFD28E91A4AA}.Release|Mixed Platforms.Build.0 = Release|Any CPU
		{DE38669A-A0E9-4D38-A800-DFD28E91A4AA}.Release|x86.ActiveCfg = Release|Any CPU
		{573ADF47-251F-4FE7-9844-E6BDF4554630}.Debug|Any CPU.ActiveCfg = Debug|Any CPU
		{573ADF47-251F-4FE7-9844-E6BDF4554630}.Debug|Any CPU.Build.0 = Debug|Any CPU
		{573ADF47-251F-4FE7-9844-E6BDF4554630}.Debug|Mixed Platforms.ActiveCfg = Debug|Any CPU
		{573ADF47-251F-4FE7-9844-E6BDF4554630}.Debug|Mixed Platforms.Build.0 = Debug|Any CPU
		{573ADF47-251F-4FE7-9844-E6BDF4554630}.Debug|x86.ActiveCfg = Debug|Any CPU
		{573ADF47-251F-4FE7-9844-E6BDF4554630}.Release|Any CPU.ActiveCfg = Release|Any CPU
		{573ADF47-251F-4FE7-9844-E6BDF4554630}.Release|Any CPU.Build.0 = Release|Any CPU
		{573ADF47-251F-4FE7-9844-E6BDF4554630}.Release|Mixed Platforms.ActiveCfg = Release|Any CPU
		{573ADF47-251F-4FE7-9844-E6BDF4554630}.Release|Mixed Platforms.Build.0 = Release|Any CPU
		{573ADF47-251F-4FE7-9844-E6BDF4554630}.Release|x86.ActiveCfg = Release|Any CPU
		{4C1BD9F5-72D8-4313-9E70-C83A005F5579}.Debug|Any CPU.ActiveCfg = Debug|Any CPU
		{4C1BD9F5-72D8-4313-9E70-C83A005F5579}.Debug|Any CPU.Build.0 = Debug|Any CPU
		{4C1BD9F5-72D8-4313-9E70-C83A005F5579}.Debug|Mixed Platforms.ActiveCfg = Debug|Any CPU
		{4C1BD9F5-72D8-4313-9E70-C83A005F5579}.Debug|Mixed Platforms.Build.0 = Debug|Any CPU
		{4C1BD9F5-72D8-4313-9E70-C83A005F5579}.Debug|x86.ActiveCfg = Debug|Any CPU
		{4C1BD9F5-72D8-4313-9E70-C83A005F5579}.Release|Any CPU.ActiveCfg = Release|Any CPU
		{4C1BD9F5-72D8-4313-9E70-C83A005F5579}.Release|Any CPU.Build.0 = Release|Any CPU
		{4C1BD9F5-72D8-4313-9E70-C83A005F5579}.Release|Mixed Platforms.ActiveCfg = Release|Any CPU
		{4C1BD9F5-72D8-4313-9E70-C83A005F5579}.Release|Mixed Platforms.Build.0 = Release|Any CPU
		{4C1BD9F5-72D8-4313-9E70-C83A005F5579}.Release|x86.ActiveCfg = Release|Any CPU
		{F730D8E0-E54F-4F0B-BBBB-F2FD913FE84F}.Debug|Any CPU.ActiveCfg = Debug|Any CPU
		{F730D8E0-E54F-4F0B-BBBB-F2FD913FE84F}.Debug|Any CPU.Build.0 = Debug|Any CPU
		{F730D8E0-E54F-4F0B-BBBB-F2FD913FE84F}.Debug|Mixed Platforms.ActiveCfg = Debug|Any CPU
		{F730D8E0-E54F-4F0B-BBBB-F2FD913FE84F}.Debug|Mixed Platforms.Build.0 = Debug|Any CPU
		{F730D8E0-E54F-4F0B-BBBB-F2FD913FE84F}.Debug|x86.ActiveCfg = Debug|Any CPU
		{F730D8E0-E54F-4F0B-BBBB-F2FD913FE84F}.Release|Any CPU.ActiveCfg = Release|Any CPU
		{F730D8E0-E54F-4F0B-BBBB-F2FD913FE84F}.Release|Any CPU.Build.0 = Release|Any CPU
		{F730D8E0-E54F-4F0B-BBBB-F2FD913FE84F}.Release|Mixed Platforms.ActiveCfg = Release|Any CPU
		{F730D8E0-E54F-4F0B-BBBB-F2FD913FE84F}.Release|Mixed Platforms.Build.0 = Release|Any CPU
		{F730D8E0-E54F-4F0B-BBBB-F2FD913FE84F}.Release|x86.ActiveCfg = Release|Any CPU
		{FCD2F5F4-974D-4975-8F71-9CE74F308A53}.Debug|Any CPU.ActiveCfg = Debug|Any CPU
		{FCD2F5F4-974D-4975-8F71-9CE74F308A53}.Debug|Any CPU.Build.0 = Debug|Any CPU
		{FCD2F5F4-974D-4975-8F71-9CE74F308A53}.Debug|Mixed Platforms.ActiveCfg = Debug|Any CPU
		{FCD2F5F4-974D-4975-8F71-9CE74F308A53}.Debug|Mixed Platforms.Build.0 = Debug|Any CPU
		{FCD2F5F4-974D-4975-8F71-9CE74F308A53}.Debug|x86.ActiveCfg = Debug|Any CPU
		{FCD2F5F4-974D-4975-8F71-9CE74F308A53}.Release|Any CPU.ActiveCfg = Release|Any CPU
		{FCD2F5F4-974D-4975-8F71-9CE74F308A53}.Release|Any CPU.Build.0 = Release|Any CPU
		{FCD2F5F4-974D-4975-8F71-9CE74F308A53}.Release|Mixed Platforms.ActiveCfg = Release|Any CPU
		{FCD2F5F4-974D-4975-8F71-9CE74F308A53}.Release|Mixed Platforms.Build.0 = Release|Any CPU
		{FCD2F5F4-974D-4975-8F71-9CE74F308A53}.Release|x86.ActiveCfg = Release|Any CPU
		{2BE42506-1629-41AF-9175-098310384F56}.Debug|Any CPU.ActiveCfg = Debug|Any CPU
		{2BE42506-1629-41AF-9175-098310384F56}.Debug|Any CPU.Build.0 = Debug|Any CPU
		{2BE42506-1629-41AF-9175-098310384F56}.Debug|Mixed Platforms.ActiveCfg = Debug|Any CPU
		{2BE42506-1629-41AF-9175-098310384F56}.Debug|Mixed Platforms.Build.0 = Debug|Any CPU
		{2BE42506-1629-41AF-9175-098310384F56}.Debug|x86.ActiveCfg = Debug|Any CPU
		{2BE42506-1629-41AF-9175-098310384F56}.Release|Any CPU.ActiveCfg = Release|Any CPU
		{2BE42506-1629-41AF-9175-098310384F56}.Release|Any CPU.Build.0 = Release|Any CPU
		{2BE42506-1629-41AF-9175-098310384F56}.Release|Mixed Platforms.ActiveCfg = Release|Any CPU
		{2BE42506-1629-41AF-9175-098310384F56}.Release|Mixed Platforms.Build.0 = Release|Any CPU
		{2BE42506-1629-41AF-9175-098310384F56}.Release|x86.ActiveCfg = Release|Any CPU
		{CD7D020D-7616-448C-AEC0-05E8B305829B}.Debug|Any CPU.ActiveCfg = Debug|Any CPU
		{CD7D020D-7616-448C-AEC0-05E8B305829B}.Debug|Any CPU.Build.0 = Debug|Any CPU
		{CD7D020D-7616-448C-AEC0-05E8B305829B}.Debug|Mixed Platforms.ActiveCfg = Debug|Any CPU
		{CD7D020D-7616-448C-AEC0-05E8B305829B}.Debug|Mixed Platforms.Build.0 = Debug|Any CPU
		{CD7D020D-7616-448C-AEC0-05E8B305829B}.Debug|x86.ActiveCfg = Debug|Any CPU
		{CD7D020D-7616-448C-AEC0-05E8B305829B}.Release|Any CPU.ActiveCfg = Release|Any CPU
		{CD7D020D-7616-448C-AEC0-05E8B305829B}.Release|Any CPU.Build.0 = Release|Any CPU
		{CD7D020D-7616-448C-AEC0-05E8B305829B}.Release|Mixed Platforms.ActiveCfg = Release|Any CPU
		{CD7D020D-7616-448C-AEC0-05E8B305829B}.Release|Mixed Platforms.Build.0 = Release|Any CPU
		{CD7D020D-7616-448C-AEC0-05E8B305829B}.Release|x86.ActiveCfg = Release|Any CPU
		{D9E67D9E-0050-4A7A-A352-380CE3F1CE0B}.Debug|Any CPU.ActiveCfg = Debug|Any CPU
		{D9E67D9E-0050-4A7A-A352-380CE3F1CE0B}.Debug|Any CPU.Build.0 = Debug|Any CPU
		{D9E67D9E-0050-4A7A-A352-380CE3F1CE0B}.Debug|Mixed Platforms.ActiveCfg = Debug|Any CPU
		{D9E67D9E-0050-4A7A-A352-380CE3F1CE0B}.Debug|Mixed Platforms.Build.0 = Debug|Any CPU
		{D9E67D9E-0050-4A7A-A352-380CE3F1CE0B}.Debug|x86.ActiveCfg = Debug|Any CPU
		{D9E67D9E-0050-4A7A-A352-380CE3F1CE0B}.Release|Any CPU.ActiveCfg = Release|Any CPU
		{D9E67D9E-0050-4A7A-A352-380CE3F1CE0B}.Release|Any CPU.Build.0 = Release|Any CPU
		{D9E67D9E-0050-4A7A-A352-380CE3F1CE0B}.Release|Mixed Platforms.ActiveCfg = Release|Any CPU
		{D9E67D9E-0050-4A7A-A352-380CE3F1CE0B}.Release|Mixed Platforms.Build.0 = Release|Any CPU
		{D9E67D9E-0050-4A7A-A352-380CE3F1CE0B}.Release|x86.ActiveCfg = Release|Any CPU
		{357E3EE6-4C24-4EB9-8C22-E190C2BCD3E5}.Debug|Any CPU.ActiveCfg = Debug|Any CPU
		{357E3EE6-4C24-4EB9-8C22-E190C2BCD3E5}.Debug|Any CPU.Build.0 = Debug|Any CPU
		{357E3EE6-4C24-4EB9-8C22-E190C2BCD3E5}.Debug|Mixed Platforms.ActiveCfg = Debug|Any CPU
		{357E3EE6-4C24-4EB9-8C22-E190C2BCD3E5}.Debug|Mixed Platforms.Build.0 = Debug|Any CPU
		{357E3EE6-4C24-4EB9-8C22-E190C2BCD3E5}.Debug|x86.ActiveCfg = Debug|Any CPU
		{357E3EE6-4C24-4EB9-8C22-E190C2BCD3E5}.Release|Any CPU.ActiveCfg = Release|Any CPU
		{357E3EE6-4C24-4EB9-8C22-E190C2BCD3E5}.Release|Any CPU.Build.0 = Release|Any CPU
		{357E3EE6-4C24-4EB9-8C22-E190C2BCD3E5}.Release|Mixed Platforms.ActiveCfg = Release|Any CPU
		{357E3EE6-4C24-4EB9-8C22-E190C2BCD3E5}.Release|Mixed Platforms.Build.0 = Release|Any CPU
		{357E3EE6-4C24-4EB9-8C22-E190C2BCD3E5}.Release|x86.ActiveCfg = Release|Any CPU
		{8FB88BD9-F9D3-4E8D-89A3-0D1B72EA80E1}.Debug|Any CPU.ActiveCfg = Debug|Any CPU
		{8FB88BD9-F9D3-4E8D-89A3-0D1B72EA80E1}.Debug|Any CPU.Build.0 = Debug|Any CPU
		{8FB88BD9-F9D3-4E8D-89A3-0D1B72EA80E1}.Debug|Mixed Platforms.ActiveCfg = Debug|Any CPU
		{8FB88BD9-F9D3-4E8D-89A3-0D1B72EA80E1}.Debug|Mixed Platforms.Build.0 = Debug|Any CPU
		{8FB88BD9-F9D3-4E8D-89A3-0D1B72EA80E1}.Debug|x86.ActiveCfg = Debug|Any CPU
		{8FB88BD9-F9D3-4E8D-89A3-0D1B72EA80E1}.Release|Any CPU.ActiveCfg = Release|Any CPU
		{8FB88BD9-F9D3-4E8D-89A3-0D1B72EA80E1}.Release|Any CPU.Build.0 = Release|Any CPU
		{8FB88BD9-F9D3-4E8D-89A3-0D1B72EA80E1}.Release|Mixed Platforms.ActiveCfg = Release|Any CPU
		{8FB88BD9-F9D3-4E8D-89A3-0D1B72EA80E1}.Release|Mixed Platforms.Build.0 = Release|Any CPU
		{8FB88BD9-F9D3-4E8D-89A3-0D1B72EA80E1}.Release|x86.ActiveCfg = Release|Any CPU
		{91A430AA-7754-454D-AE7B-084E3F96F5F9}.Debug|Any CPU.ActiveCfg = Debug|Any CPU
		{91A430AA-7754-454D-AE7B-084E3F96F5F9}.Debug|Any CPU.Build.0 = Debug|Any CPU
		{91A430AA-7754-454D-AE7B-084E3F96F5F9}.Debug|Mixed Platforms.ActiveCfg = Debug|Any CPU
		{91A430AA-7754-454D-AE7B-084E3F96F5F9}.Debug|Mixed Platforms.Build.0 = Debug|Any CPU
		{91A430AA-7754-454D-AE7B-084E3F96F5F9}.Debug|x86.ActiveCfg = Debug|Any CPU
		{91A430AA-7754-454D-AE7B-084E3F96F5F9}.Release|Any CPU.ActiveCfg = Release|Any CPU
		{91A430AA-7754-454D-AE7B-084E3F96F5F9}.Release|Any CPU.Build.0 = Release|Any CPU
		{91A430AA-7754-454D-AE7B-084E3F96F5F9}.Release|Mixed Platforms.ActiveCfg = Release|Any CPU
		{91A430AA-7754-454D-AE7B-084E3F96F5F9}.Release|Mixed Platforms.Build.0 = Release|Any CPU
		{91A430AA-7754-454D-AE7B-084E3F96F5F9}.Release|x86.ActiveCfg = Release|Any CPU
		{868706D2-5CC8-4C02-95D2-D98D98C51C87}.Debug|Any CPU.ActiveCfg = Debug|Any CPU
		{868706D2-5CC8-4C02-95D2-D98D98C51C87}.Debug|Any CPU.Build.0 = Debug|Any CPU
		{868706D2-5CC8-4C02-95D2-D98D98C51C87}.Debug|Mixed Platforms.ActiveCfg = Debug|Any CPU
		{868706D2-5CC8-4C02-95D2-D98D98C51C87}.Debug|Mixed Platforms.Build.0 = Debug|Any CPU
		{868706D2-5CC8-4C02-95D2-D98D98C51C87}.Debug|x86.ActiveCfg = Debug|Any CPU
		{868706D2-5CC8-4C02-95D2-D98D98C51C87}.Release|Any CPU.ActiveCfg = Release|Any CPU
		{868706D2-5CC8-4C02-95D2-D98D98C51C87}.Release|Any CPU.Build.0 = Release|Any CPU
		{868706D2-5CC8-4C02-95D2-D98D98C51C87}.Release|Mixed Platforms.ActiveCfg = Release|Any CPU
		{868706D2-5CC8-4C02-95D2-D98D98C51C87}.Release|Mixed Platforms.Build.0 = Release|Any CPU
		{868706D2-5CC8-4C02-95D2-D98D98C51C87}.Release|x86.ActiveCfg = Release|Any CPU
		{9191F98E-76F2-4DA6-A6F8-810A0E69BDE8}.Debug|Any CPU.ActiveCfg = Debug|Any CPU
		{9191F98E-76F2-4DA6-A6F8-810A0E69BDE8}.Debug|Any CPU.Build.0 = Debug|Any CPU
		{9191F98E-76F2-4DA6-A6F8-810A0E69BDE8}.Debug|Mixed Platforms.ActiveCfg = Debug|Any CPU
		{9191F98E-76F2-4DA6-A6F8-810A0E69BDE8}.Debug|Mixed Platforms.Build.0 = Debug|Any CPU
		{9191F98E-76F2-4DA6-A6F8-810A0E69BDE8}.Debug|x86.ActiveCfg = Debug|Any CPU
		{9191F98E-76F2-4DA6-A6F8-810A0E69BDE8}.Release|Any CPU.ActiveCfg = Release|Any CPU
		{9191F98E-76F2-4DA6-A6F8-810A0E69BDE8}.Release|Any CPU.Build.0 = Release|Any CPU
		{9191F98E-76F2-4DA6-A6F8-810A0E69BDE8}.Release|Mixed Platforms.ActiveCfg = Release|Any CPU
		{9191F98E-76F2-4DA6-A6F8-810A0E69BDE8}.Release|Mixed Platforms.Build.0 = Release|Any CPU
		{9191F98E-76F2-4DA6-A6F8-810A0E69BDE8}.Release|x86.ActiveCfg = Release|Any CPU
		{4EFB24CF-2A3B-4754-B8AC-1F14A3CA5EFA}.Debug|Any CPU.ActiveCfg = Debug|Any CPU
		{4EFB24CF-2A3B-4754-B8AC-1F14A3CA5EFA}.Debug|Any CPU.Build.0 = Debug|Any CPU
		{4EFB24CF-2A3B-4754-B8AC-1F14A3CA5EFA}.Debug|Mixed Platforms.ActiveCfg = Debug|Any CPU
		{4EFB24CF-2A3B-4754-B8AC-1F14A3CA5EFA}.Debug|Mixed Platforms.Build.0 = Debug|Any CPU
		{4EFB24CF-2A3B-4754-B8AC-1F14A3CA5EFA}.Debug|x86.ActiveCfg = Debug|Any CPU
		{4EFB24CF-2A3B-4754-B8AC-1F14A3CA5EFA}.Release|Any CPU.ActiveCfg = Release|Any CPU
		{4EFB24CF-2A3B-4754-B8AC-1F14A3CA5EFA}.Release|Any CPU.Build.0 = Release|Any CPU
		{4EFB24CF-2A3B-4754-B8AC-1F14A3CA5EFA}.Release|Mixed Platforms.ActiveCfg = Release|Any CPU
		{4EFB24CF-2A3B-4754-B8AC-1F14A3CA5EFA}.Release|Mixed Platforms.Build.0 = Release|Any CPU
		{4EFB24CF-2A3B-4754-B8AC-1F14A3CA5EFA}.Release|x86.ActiveCfg = Release|Any CPU
		{FC212ED2-5F95-4321-964E-A0114F13D3D5}.Debug|Any CPU.ActiveCfg = Debug|Any CPU
		{FC212ED2-5F95-4321-964E-A0114F13D3D5}.Debug|Any CPU.Build.0 = Debug|Any CPU
		{FC212ED2-5F95-4321-964E-A0114F13D3D5}.Debug|Mixed Platforms.ActiveCfg = Debug|Any CPU
		{FC212ED2-5F95-4321-964E-A0114F13D3D5}.Debug|Mixed Platforms.Build.0 = Debug|Any CPU
		{FC212ED2-5F95-4321-964E-A0114F13D3D5}.Debug|x86.ActiveCfg = Debug|Any CPU
		{FC212ED2-5F95-4321-964E-A0114F13D3D5}.Release|Any CPU.ActiveCfg = Release|Any CPU
		{FC212ED2-5F95-4321-964E-A0114F13D3D5}.Release|Any CPU.Build.0 = Release|Any CPU
		{FC212ED2-5F95-4321-964E-A0114F13D3D5}.Release|Mixed Platforms.ActiveCfg = Release|Any CPU
		{FC212ED2-5F95-4321-964E-A0114F13D3D5}.Release|Mixed Platforms.Build.0 = Release|Any CPU
		{FC212ED2-5F95-4321-964E-A0114F13D3D5}.Release|x86.ActiveCfg = Release|Any CPU
		{5A950C0F-CB0C-456A-99A1-71905160D4B6}.Debug|Any CPU.ActiveCfg = Debug|Any CPU
		{5A950C0F-CB0C-456A-99A1-71905160D4B6}.Debug|Any CPU.Build.0 = Debug|Any CPU
		{5A950C0F-CB0C-456A-99A1-71905160D4B6}.Debug|Mixed Platforms.ActiveCfg = Debug|Any CPU
		{5A950C0F-CB0C-456A-99A1-71905160D4B6}.Debug|Mixed Platforms.Build.0 = Debug|Any CPU
		{5A950C0F-CB0C-456A-99A1-71905160D4B6}.Debug|x86.ActiveCfg = Debug|Any CPU
		{5A950C0F-CB0C-456A-99A1-71905160D4B6}.Release|Any CPU.ActiveCfg = Release|Any CPU
		{5A950C0F-CB0C-456A-99A1-71905160D4B6}.Release|Any CPU.Build.0 = Release|Any CPU
		{5A950C0F-CB0C-456A-99A1-71905160D4B6}.Release|Mixed Platforms.ActiveCfg = Release|Any CPU
		{5A950C0F-CB0C-456A-99A1-71905160D4B6}.Release|Mixed Platforms.Build.0 = Release|Any CPU
		{5A950C0F-CB0C-456A-99A1-71905160D4B6}.Release|x86.ActiveCfg = Release|Any CPU
		{22A60AF7-CDE0-4F5A-917D-E21597D71C8F}.Debug|Any CPU.ActiveCfg = Debug|Any CPU
		{22A60AF7-CDE0-4F5A-917D-E21597D71C8F}.Debug|Any CPU.Build.0 = Debug|Any CPU
		{22A60AF7-CDE0-4F5A-917D-E21597D71C8F}.Debug|Mixed Platforms.ActiveCfg = Debug|Any CPU
		{22A60AF7-CDE0-4F5A-917D-E21597D71C8F}.Debug|Mixed Platforms.Build.0 = Debug|Any CPU
		{22A60AF7-CDE0-4F5A-917D-E21597D71C8F}.Debug|x86.ActiveCfg = Debug|Any CPU
		{22A60AF7-CDE0-4F5A-917D-E21597D71C8F}.Release|Any CPU.ActiveCfg = Release|Any CPU
		{22A60AF7-CDE0-4F5A-917D-E21597D71C8F}.Release|Any CPU.Build.0 = Release|Any CPU
		{22A60AF7-CDE0-4F5A-917D-E21597D71C8F}.Release|Mixed Platforms.ActiveCfg = Release|Any CPU
		{22A60AF7-CDE0-4F5A-917D-E21597D71C8F}.Release|Mixed Platforms.Build.0 = Release|Any CPU
		{22A60AF7-CDE0-4F5A-917D-E21597D71C8F}.Release|x86.ActiveCfg = Release|Any CPU
		{A04A778B-D845-4F4C-8016-BE6AFBDA3A31}.Debug|Any CPU.ActiveCfg = Debug|Any CPU
		{A04A778B-D845-4F4C-8016-BE6AFBDA3A31}.Debug|Any CPU.Build.0 = Debug|Any CPU
		{A04A778B-D845-4F4C-8016-BE6AFBDA3A31}.Debug|Mixed Platforms.ActiveCfg = Debug|Any CPU
		{A04A778B-D845-4F4C-8016-BE6AFBDA3A31}.Debug|Mixed Platforms.Build.0 = Debug|Any CPU
		{A04A778B-D845-4F4C-8016-BE6AFBDA3A31}.Debug|x86.ActiveCfg = Debug|Any CPU
		{A04A778B-D845-4F4C-8016-BE6AFBDA3A31}.Release|Any CPU.ActiveCfg = Release|Any CPU
		{A04A778B-D845-4F4C-8016-BE6AFBDA3A31}.Release|Any CPU.Build.0 = Release|Any CPU
		{A04A778B-D845-4F4C-8016-BE6AFBDA3A31}.Release|Mixed Platforms.ActiveCfg = Release|Any CPU
		{A04A778B-D845-4F4C-8016-BE6AFBDA3A31}.Release|Mixed Platforms.Build.0 = Release|Any CPU
		{A04A778B-D845-4F4C-8016-BE6AFBDA3A31}.Release|x86.ActiveCfg = Release|Any CPU
		{5B7BA344-9A6F-4F9E-98A1-56B4FBD0AAF5}.Debug|Any CPU.ActiveCfg = Debug|Any CPU
		{5B7BA344-9A6F-4F9E-98A1-56B4FBD0AAF5}.Debug|Any CPU.Build.0 = Debug|Any CPU
		{5B7BA344-9A6F-4F9E-98A1-56B4FBD0AAF5}.Debug|Mixed Platforms.ActiveCfg = Debug|Any CPU
		{5B7BA344-9A6F-4F9E-98A1-56B4FBD0AAF5}.Debug|Mixed Platforms.Build.0 = Debug|Any CPU
		{5B7BA344-9A6F-4F9E-98A1-56B4FBD0AAF5}.Debug|x86.ActiveCfg = Debug|Any CPU
		{5B7BA344-9A6F-4F9E-98A1-56B4FBD0AAF5}.Release|Any CPU.ActiveCfg = Release|Any CPU
		{5B7BA344-9A6F-4F9E-98A1-56B4FBD0AAF5}.Release|Any CPU.Build.0 = Release|Any CPU
		{5B7BA344-9A6F-4F9E-98A1-56B4FBD0AAF5}.Release|Mixed Platforms.ActiveCfg = Release|Any CPU
		{5B7BA344-9A6F-4F9E-98A1-56B4FBD0AAF5}.Release|Mixed Platforms.Build.0 = Release|Any CPU
		{5B7BA344-9A6F-4F9E-98A1-56B4FBD0AAF5}.Release|x86.ActiveCfg = Release|Any CPU
		{20032471-79BC-4958-994D-EA211CB5BC44}.Debug|Any CPU.ActiveCfg = Debug|Any CPU
		{20032471-79BC-4958-994D-EA211CB5BC44}.Debug|Any CPU.Build.0 = Debug|Any CPU
		{20032471-79BC-4958-994D-EA211CB5BC44}.Debug|Mixed Platforms.ActiveCfg = Debug|Any CPU
		{20032471-79BC-4958-994D-EA211CB5BC44}.Debug|Mixed Platforms.Build.0 = Debug|Any CPU
		{20032471-79BC-4958-994D-EA211CB5BC44}.Debug|x86.ActiveCfg = Debug|Any CPU
		{20032471-79BC-4958-994D-EA211CB5BC44}.Release|Any CPU.ActiveCfg = Release|Any CPU
		{20032471-79BC-4958-994D-EA211CB5BC44}.Release|Any CPU.Build.0 = Release|Any CPU
		{20032471-79BC-4958-994D-EA211CB5BC44}.Release|Mixed Platforms.ActiveCfg = Release|Any CPU
		{20032471-79BC-4958-994D-EA211CB5BC44}.Release|Mixed Platforms.Build.0 = Release|Any CPU
		{20032471-79BC-4958-994D-EA211CB5BC44}.Release|x86.ActiveCfg = Release|Any CPU
		{FC5EACB2-CFB7-45C3-8EB8-FE50A3B070AA}.Debug|Any CPU.ActiveCfg = Debug|Any CPU
		{FC5EACB2-CFB7-45C3-8EB8-FE50A3B070AA}.Debug|Any CPU.Build.0 = Debug|Any CPU
		{FC5EACB2-CFB7-45C3-8EB8-FE50A3B070AA}.Debug|Mixed Platforms.ActiveCfg = Debug|Any CPU
		{FC5EACB2-CFB7-45C3-8EB8-FE50A3B070AA}.Debug|Mixed Platforms.Build.0 = Debug|Any CPU
		{FC5EACB2-CFB7-45C3-8EB8-FE50A3B070AA}.Debug|x86.ActiveCfg = Debug|Any CPU
		{FC5EACB2-CFB7-45C3-8EB8-FE50A3B070AA}.Release|Any CPU.ActiveCfg = Release|Any CPU
		{FC5EACB2-CFB7-45C3-8EB8-FE50A3B070AA}.Release|Any CPU.Build.0 = Release|Any CPU
		{FC5EACB2-CFB7-45C3-8EB8-FE50A3B070AA}.Release|Mixed Platforms.ActiveCfg = Release|Any CPU
		{FC5EACB2-CFB7-45C3-8EB8-FE50A3B070AA}.Release|Mixed Platforms.Build.0 = Release|Any CPU
		{FC5EACB2-CFB7-45C3-8EB8-FE50A3B070AA}.Release|x86.ActiveCfg = Release|Any CPU
		{88ECE172-7F1A-4778-B869-4F84FE301EAF}.Debug|Any CPU.ActiveCfg = Debug|x86
		{88ECE172-7F1A-4778-B869-4F84FE301EAF}.Debug|Mixed Platforms.ActiveCfg = Debug|x86
		{88ECE172-7F1A-4778-B869-4F84FE301EAF}.Debug|Mixed Platforms.Build.0 = Debug|x86
		{88ECE172-7F1A-4778-B869-4F84FE301EAF}.Debug|x86.ActiveCfg = Debug|x86
		{88ECE172-7F1A-4778-B869-4F84FE301EAF}.Debug|x86.Build.0 = Debug|x86
		{88ECE172-7F1A-4778-B869-4F84FE301EAF}.Release|Any CPU.ActiveCfg = Release|x86
		{88ECE172-7F1A-4778-B869-4F84FE301EAF}.Release|Mixed Platforms.ActiveCfg = Release|x86
		{88ECE172-7F1A-4778-B869-4F84FE301EAF}.Release|Mixed Platforms.Build.0 = Release|x86
		{88ECE172-7F1A-4778-B869-4F84FE301EAF}.Release|x86.ActiveCfg = Release|x86
		{88ECE172-7F1A-4778-B869-4F84FE301EAF}.Release|x86.Build.0 = Release|x86
	EndGlobalSection
	GlobalSection(SolutionProperties) = preSolution
		HideSolutionNode = FALSE
	EndGlobalSection
EndGlobal
